
Microsoft Visual Studio Solution File, Format Version 12.00
# Visual Studio 15
Project("{FAE04EC0-301F-11D3-BF4B-00C04F79EFBC}") = "UnityEngine.TestRunner", "UnityEngine.TestRunner.csproj", "{52888832-BE77-3F1D-ABEA-8AC378A95CD1}"
EndProject
Project("{FAE04EC0-301F-11D3-BF4B-00C04F79EFBC}") = "Unity.Mathematics", "Unity.Mathematics.csproj", "{A137D19F-E2F5-54BF-7454-93ADED7D679E}"
EndProject
Project("{FAE04EC0-301F-11D3-BF4B-00C04F79EFBC}") = "Unity.2D.Animation.Triangle.Runtime", "Unity.2D.Animation.Triangle.Runtime.csproj", "{2DB1A612-D4F3-7A9F-128B-5C1F8CE90A04}"
EndProject
Project("{FAE04EC0-301F-11D3-BF4B-00C04F79EFBC}") = "Unity.Timeline", "Unity.Timeline.csproj", "{7DCDDC0B-D22D-226A-0744-2684831370B8}"
EndProject
Project("{FAE04EC0-301F-11D3-BF4B-00C04F79EFBC}") = "Assembly-CSharp", "Assembly-CSharp.csproj", "{552CCFEB-3EC3-B130-D5AF-9CE5A178B517}"
EndProject
Project("{FAE04EC0-301F-11D3-BF4B-00C04F79EFBC}") = "UnityEngine.UI", "UnityEngine.UI.csproj", "{712DE494-0420-0ECB-6D8D-DD5F50591349}"
EndProject
Project("{FAE04EC0-301F-11D3-BF4B-00C04F79EFBC}") = "Unity.TextMeshPro", "Unity.TextMeshPro.csproj", "{8E0F1FB7-7207-3908-E1C1-5946766C3251}"
EndProject
Project("{FAE04EC0-301F-11D3-BF4B-00C04F79EFBC}") = "Unity.2D.Animation.Runtime", "Unity.2D.Animation.Runtime.csproj", "{36A0B16C-02DF-E498-4DD5-E77F09DD60F6}"
EndProject
Project("{FAE04EC0-301F-11D3-BF4B-00C04F79EFBC}") = "Unity.2D.IK.Runtime", "Unity.2D.IK.Runtime.csproj", "{873615B4-85B8-2B00-1816-31033059C901}"
EndProject
Project("{FAE04EC0-301F-11D3-BF4B-00C04F79EFBC}") = "Unity.2D.SpriteShape.Runtime", "Unity.2D.SpriteShape.Runtime.csproj", "{01EB1290-8C8E-12E3-F716-6CD2C6AFD5C9}"
EndProject
Project("{FAE04EC0-301F-11D3-BF4B-00C04F79EFBC}") = "Unity.2D.PixelPerfect", "Unity.2D.PixelPerfect.csproj", "{1969EFF0-BC02-E041-5E7E-8EFF9BC3FBDB}"
EndProject
Project("{FAE04EC0-301F-11D3-BF4B-00C04F79EFBC}") = "Unity.2D.Common.Runtime", "Unity.2D.Common.Runtime.csproj", "{C94562ED-8797-C829-7ED7-94E71A764BD3}"
EndProject
Project("{FAE04EC0-301F-11D3-BF4B-00C04F79EFBC}") = "Unity.InternalAPIEngineBridge.001", "Unity.InternalAPIEngineBridge.001.csproj", "{723558C4-2E25-CBD4-7D18-8142CC2E7F45}"
EndProject
Project("{FAE04EC0-301F-11D3-BF4B-00C04F79EFBC}") = "UnityEditor.TestRunner", "UnityEditor.TestRunner.csproj", "{2C883165-EE12-20DD-D5B1-19F94F6D331E}"
EndProject
Project("{FAE04EC0-301F-11D3-BF4B-00C04F79EFBC}") = "Unity.PlasticSCM.Editor", "Unity.PlasticSCM.Editor.csproj", "{0DBAC04C-E678-3450-A9A8-BFC40B77FD08}"
EndProject
Project("{FAE04EC0-301F-11D3-BF4B-00C04F79EFBC}") = "UnityEditor.UI", "UnityEditor.UI.csproj", "{EED21DE7-94C0-FE04-4E66-FF0A7D5F3865}"
EndProject
Project("{FAE04EC0-301F-11D3-BF4B-00C04F79EFBC}") = "Unity.Services.Core.Editor", "Unity.Services.Core.Editor.csproj", "{9011C6B2-0543-947B-36B1-3655DB601A10}"
EndProject
Project("{FAE04EC0-301F-11D3-BF4B-00C04F79EFBC}") = "Unity.Timeline.Editor", "Unity.Timeline.Editor.csproj", "{7FABC59A-C3E8-72B1-617D-46FF170D0B2E}"
EndProject
Project("{FAE04EC0-301F-11D3-BF4B-00C04F79EFBC}") = "Unity.VisualStudio.Editor", "Unity.VisualStudio.Editor.csproj", "{0A2277FA-6746-1A05-2D67-ADC98E3AA42F}"
EndProject
Project("{FAE04EC0-301F-11D3-BF4B-00C04F79EFBC}") = "Unity.2D.Psdimporter.Editor", "Unity.2D.Psdimporter.Editor.csproj", "{F5279F08-102C-23E7-E51C-40D4C2B2466B}"
EndProject
Project("{FAE04EC0-301F-11D3-BF4B-00C04F79EFBC}") = "Unity.2D.Animation.Editor", "Unity.2D.Animation.Editor.csproj", "{60E710BE-E1F3-B32E-4338-1F09C35D58EB}"
EndProject
Project("{FAE04EC0-301F-11D3-BF4B-00C04F79EFBC}") = "Unity.TextMeshPro.Editor", "Unity.TextMeshPro.Editor.csproj", "{8CE5813D-8A1D-7920-6AED-2712473CCCE1}"
EndProject
Project("{FAE04EC0-301F-11D3-BF4B-00C04F79EFBC}") = "Unity.2D.SpriteShape.Editor", "Unity.2D.SpriteShape.Editor.csproj", "{78FD62F8-88F7-DBBE-4EA2-7377FE1F9E8A}"
EndProject
Project("{FAE04EC0-301F-11D3-BF4B-00C04F79EFBC}") = "Unity.CollabProxy.Editor", "Unity.CollabProxy.Editor.csproj", "{A25D41DB-2D93-EAB1-06BF-747C67294049}"
EndProject
Project("{FAE04EC0-301F-11D3-BF4B-00C04F79EFBC}") = "PsdPlugin", "PsdPlugin.csproj", "{00A7CD04-437C-D3A0-7A8E-06E8388229FE}"
EndProject
Project("{FAE04EC0-301F-11D3-BF4B-00C04F79EFBC}") = "Unity.2D.Path.Editor", "Unity.2D.Path.Editor.csproj", "{40DD8FE6-10DE-E054-7F68-2A7031ACFD6A}"
EndProject
Project("{FAE04EC0-301F-11D3-BF4B-00C04F79EFBC}") = "Unity.Rider.Editor", "Unity.Rider.Editor.csproj", "{0660EBE7-EB01-7C5A-059B-EB6041209361}"
EndProject
Project("{FAE04EC0-301F-11D3-BF4B-00C04F79EFBC}") = "Unity.2D.IK.Editor", "Unity.2D.IK.Editor.csproj", "{AD1E3758-3653-D2F1-BD31-88350C9013BF}"
EndProject
Project("{FAE04EC0-301F-11D3-BF4B-00C04F79EFBC}") = "Unity.2D.Sprite.Editor", "Unity.2D.Sprite.Editor.csproj", "{BEA92095-5A9E-7762-08CF-512C9B9EFC03}"
EndProject
Project("{FAE04EC0-301F-11D3-BF4B-00C04F79EFBC}") = "Unity.2D.Tilemap.Editor", "Unity.2D.Tilemap.Editor.csproj", "{20B5BE71-BF3C-F27C-FBBD-368CE89D029E}"
EndProject
Project("{FAE04EC0-301F-11D3-BF4B-00C04F79EFBC}") = "Unity.2D.PixelPerfect.Editor", "Unity.2D.PixelPerfect.Editor.csproj", "{DED9EB87-35B1-A558-37EC-BD10372330E7}"
EndProject
Project("{FAE04EC0-301F-11D3-BF4B-00C04F79EFBC}") = "Unity.VSCode.Editor", "Unity.VSCode.Editor.csproj", "{38BCE3E7-E70B-0E73-7D6C-A320C29DAD1E}"
EndProject
Project("{FAE04EC0-301F-11D3-BF4B-00C04F79EFBC}") = "Unity.2D.Common.Editor", "Unity.2D.Common.Editor.csproj", "{462FB4B7-8DBA-C412-4DF5-F2CE699FD7D4}"
EndProject
Project("{FAE04EC0-301F-11D3-BF4B-00C04F79EFBC}") = "Unity.Mathematics.Editor", "Unity.Mathematics.Editor.csproj", "{B084513D-E926-E087-8711-1DE29836C0F9}"
EndProject
Project("{FAE04EC0-301F-11D3-BF4B-00C04F79EFBC}") = "Unity.InternalAPIEditorBridge.001", "Unity.InternalAPIEditorBridge.001.csproj", "{9CDF57A0-A25A-33FA-AA96-E83908937807}"
EndProject
Project("{FAE04EC0-301F-11D3-BF4B-00C04F79EFBC}") = "UnityEngine.TestRunner", "UnityEngine.TestRunner.Player.csproj", "{E708B9F7-2F71-E5D8-997A-02DDAFF1DA94}"
EndProject
Project("{FAE04EC0-301F-11D3-BF4B-00C04F79EFBC}") = "Unity.Mathematics", "Unity.Mathematics.Player.csproj", "{8E1E22B9-267A-9998-EB14-AD42843D98BC}"
EndProject
Project("{FAE04EC0-301F-11D3-BF4B-00C04F79EFBC}") = "Unity.2D.Animation.Triangle.Runtime", "Unity.2D.Animation.Triangle.Runtime.Player.csproj", "{EF040B05-B288-E725-36D0-D65B54C5E89A}"
EndProject
Project("{FAE04EC0-301F-11D3-BF4B-00C04F79EFBC}") = "Unity.Timeline", "Unity.Timeline.Player.csproj", "{515E69F8-2C98-EC11-7DC5-6C299C4886CF}"
EndProject
Project("{FAE04EC0-301F-11D3-BF4B-00C04F79EFBC}") = "Assembly-CSharp", "Assembly-CSharp.Player.csproj", "{C56CBEA8-6265-A148-AB9B-33AEBC6AC358}"
EndProject
Project("{FAE04EC0-301F-11D3-BF4B-00C04F79EFBC}") = "UnityEngine.UI", "UnityEngine.UI.Player.csproj", "{A5644599-CA0A-8483-D00F-FE192697B0EF}"
EndProject
Project("{FAE04EC0-301F-11D3-BF4B-00C04F79EFBC}") = "Unity.TextMeshPro", "Unity.TextMeshPro.Player.csproj", "{EBCF073D-2DBB-21A9-656A-087D5CA3F6B5}"
EndProject
Project("{FAE04EC0-301F-11D3-BF4B-00C04F79EFBC}") = "Unity.2D.Animation.Runtime", "Unity.2D.Animation.Runtime.Player.csproj", "{4D6901D6-5252-DBB2-8032-592DBA84FCC6}"
EndProject
Project("{FAE04EC0-301F-11D3-BF4B-00C04F79EFBC}") = "Unity.2D.IK.Runtime", "Unity.2D.IK.Runtime.Player.csproj", "{566300D1-1D5A-9B10-6C53-3D68B8F4144F}"
EndProject
Project("{FAE04EC0-301F-11D3-BF4B-00C04F79EFBC}") = "Unity.2D.SpriteShape.Runtime", "Unity.2D.SpriteShape.Runtime.Player.csproj", "{7EEEAF77-0AE8-701D-18B7-FB64128189E6}"
EndProject
Project("{FAE04EC0-301F-11D3-BF4B-00C04F79EFBC}") = "Unity.2D.PixelPerfect", "Unity.2D.PixelPerfect.Player.csproj", "{2320A6BC-5E80-B84B-68C6-AB6DE42BEBD1}"
EndProject
Project("{FAE04EC0-301F-11D3-BF4B-00C04F79EFBC}") = "Unity.2D.Common.Runtime", "Unity.2D.Common.Runtime.Player.csproj", "{1A6D8198-7151-EBE1-7302-0B83CA8BF667}"
EndProject
Project("{FAE04EC0-301F-11D3-BF4B-00C04F79EFBC}") = "Unity.InternalAPIEngineBridge.001", "Unity.InternalAPIEngineBridge.001.Player.csproj", "{B2530755-5FBC-FB98-0290-8C488585CCB8}"
EndProject
Global
	GlobalSection(SolutionConfigurationPlatforms) = preSolution
		Debug|Any CPU = Debug|Any CPU
		Release|Any CPU = Release|Any CPU
	EndGlobalSection
	GlobalSection(ProjectConfigurationPlatforms) = postSolution
		{52888832-BE77-3F1D-ABEA-8AC378A95CD1}.Debug|Any CPU.ActiveCfg = Debug|Any CPU
		{52888832-BE77-3F1D-ABEA-8AC378A95CD1}.Debug|Any CPU.Build.0 = Debug|Any CPU
		{52888832-BE77-3F1D-ABEA-8AC378A95CD1}.Release|Any CPU.ActiveCfg = Release|Any CPU
		{52888832-BE77-3F1D-ABEA-8AC378A95CD1}.Release|Any CPU.Build.0 = Release|Any CPU
		{A137D19F-E2F5-54BF-7454-93ADED7D679E}.Debug|Any CPU.ActiveCfg = Debug|Any CPU
		{A137D19F-E2F5-54BF-7454-93ADED7D679E}.Debug|Any CPU.Build.0 = Debug|Any CPU
		{A137D19F-E2F5-54BF-7454-93ADED7D679E}.Release|Any CPU.ActiveCfg = Release|Any CPU
		{A137D19F-E2F5-54BF-7454-93ADED7D679E}.Release|Any CPU.Build.0 = Release|Any CPU
		{2DB1A612-D4F3-7A9F-128B-5C1F8CE90A04}.Debug|Any CPU.ActiveCfg = Debug|Any CPU
		{2DB1A612-D4F3-7A9F-128B-5C1F8CE90A04}.Debug|Any CPU.Build.0 = Debug|Any CPU
		{2DB1A612-D4F3-7A9F-128B-5C1F8CE90A04}.Release|Any CPU.ActiveCfg = Release|Any CPU
		{2DB1A612-D4F3-7A9F-128B-5C1F8CE90A04}.Release|Any CPU.Build.0 = Release|Any CPU
		{7DCDDC0B-D22D-226A-0744-2684831370B8}.Debug|Any CPU.ActiveCfg = Debug|Any CPU
		{7DCDDC0B-D22D-226A-0744-2684831370B8}.Debug|Any CPU.Build.0 = Debug|Any CPU
		{7DCDDC0B-D22D-226A-0744-2684831370B8}.Release|Any CPU.ActiveCfg = Release|Any CPU
		{7DCDDC0B-D22D-226A-0744-2684831370B8}.Release|Any CPU.Build.0 = Release|Any CPU
		{552CCFEB-3EC3-B130-D5AF-9CE5A178B517}.Debug|Any CPU.ActiveCfg = Debug|Any CPU
		{552CCFEB-3EC3-B130-D5AF-9CE5A178B517}.Debug|Any CPU.Build.0 = Debug|Any CPU
		{552CCFEB-3EC3-B130-D5AF-9CE5A178B517}.Release|Any CPU.ActiveCfg = Release|Any CPU
		{552CCFEB-3EC3-B130-D5AF-9CE5A178B517}.Release|Any CPU.Build.0 = Release|Any CPU
		{712DE494-0420-0ECB-6D8D-DD5F50591349}.Debug|Any CPU.ActiveCfg = Debug|Any CPU
		{712DE494-0420-0ECB-6D8D-DD5F50591349}.Debug|Any CPU.Build.0 = Debug|Any CPU
		{712DE494-0420-0ECB-6D8D-DD5F50591349}.Release|Any CPU.ActiveCfg = Release|Any CPU
		{712DE494-0420-0ECB-6D8D-DD5F50591349}.Release|Any CPU.Build.0 = Release|Any CPU
		{8E0F1FB7-7207-3908-E1C1-5946766C3251}.Debug|Any CPU.ActiveCfg = Debug|Any CPU
		{8E0F1FB7-7207-3908-E1C1-5946766C3251}.Debug|Any CPU.Build.0 = Debug|Any CPU
		{8E0F1FB7-7207-3908-E1C1-5946766C3251}.Release|Any CPU.ActiveCfg = Release|Any CPU
		{8E0F1FB7-7207-3908-E1C1-5946766C3251}.Release|Any CPU.Build.0 = Release|Any CPU
		{36A0B16C-02DF-E498-4DD5-E77F09DD60F6}.Debug|Any CPU.ActiveCfg = Debug|Any CPU
		{36A0B16C-02DF-E498-4DD5-E77F09DD60F6}.Debug|Any CPU.Build.0 = Debug|Any CPU
		{36A0B16C-02DF-E498-4DD5-E77F09DD60F6}.Release|Any CPU.ActiveCfg = Release|Any CPU
		{36A0B16C-02DF-E498-4DD5-E77F09DD60F6}.Release|Any CPU.Build.0 = Release|Any CPU
		{873615B4-85B8-2B00-1816-31033059C901}.Debug|Any CPU.ActiveCfg = Debug|Any CPU
		{873615B4-85B8-2B00-1816-31033059C901}.Debug|Any CPU.Build.0 = Debug|Any CPU
		{873615B4-85B8-2B00-1816-31033059C901}.Release|Any CPU.ActiveCfg = Release|Any CPU
		{873615B4-85B8-2B00-1816-31033059C901}.Release|Any CPU.Build.0 = Release|Any CPU
		{01EB1290-8C8E-12E3-F716-6CD2C6AFD5C9}.Debug|Any CPU.ActiveCfg = Debug|Any CPU
		{01EB1290-8C8E-12E3-F716-6CD2C6AFD5C9}.Debug|Any CPU.Build.0 = Debug|Any CPU
		{01EB1290-8C8E-12E3-F716-6CD2C6AFD5C9}.Release|Any CPU.ActiveCfg = Release|Any CPU
		{01EB1290-8C8E-12E3-F716-6CD2C6AFD5C9}.Release|Any CPU.Build.0 = Release|Any CPU
		{1969EFF0-BC02-E041-5E7E-8EFF9BC3FBDB}.Debug|Any CPU.ActiveCfg = Debug|Any CPU
		{1969EFF0-BC02-E041-5E7E-8EFF9BC3FBDB}.Debug|Any CPU.Build.0 = Debug|Any CPU
		{1969EFF0-BC02-E041-5E7E-8EFF9BC3FBDB}.Release|Any CPU.ActiveCfg = Release|Any CPU
		{1969EFF0-BC02-E041-5E7E-8EFF9BC3FBDB}.Release|Any CPU.Build.0 = Release|Any CPU
		{C94562ED-8797-C829-7ED7-94E71A764BD3}.Debug|Any CPU.ActiveCfg = Debug|Any CPU
		{C94562ED-8797-C829-7ED7-94E71A764BD3}.Debug|Any CPU.Build.0 = Debug|Any CPU
		{C94562ED-8797-C829-7ED7-94E71A764BD3}.Release|Any CPU.ActiveCfg = Release|Any CPU
		{C94562ED-8797-C829-7ED7-94E71A764BD3}.Release|Any CPU.Build.0 = Release|Any CPU
		{723558C4-2E25-CBD4-7D18-8142CC2E7F45}.Debug|Any CPU.ActiveCfg = Debug|Any CPU
		{723558C4-2E25-CBD4-7D18-8142CC2E7F45}.Debug|Any CPU.Build.0 = Debug|Any CPU
		{723558C4-2E25-CBD4-7D18-8142CC2E7F45}.Release|Any CPU.ActiveCfg = Release|Any CPU
		{723558C4-2E25-CBD4-7D18-8142CC2E7F45}.Release|Any CPU.Build.0 = Release|Any CPU
		{2C883165-EE12-20DD-D5B1-19F94F6D331E}.Debug|Any CPU.ActiveCfg = Debug|Any CPU
		{2C883165-EE12-20DD-D5B1-19F94F6D331E}.Debug|Any CPU.Build.0 = Debug|Any CPU
		{2C883165-EE12-20DD-D5B1-19F94F6D331E}.Release|Any CPU.ActiveCfg = Release|Any CPU
		{2C883165-EE12-20DD-D5B1-19F94F6D331E}.Release|Any CPU.Build.0 = Release|Any CPU
		{0DBAC04C-E678-3450-A9A8-BFC40B77FD08}.Debug|Any CPU.ActiveCfg = Debug|Any CPU
		{0DBAC04C-E678-3450-A9A8-BFC40B77FD08}.Debug|Any CPU.Build.0 = Debug|Any CPU
		{0DBAC04C-E678-3450-A9A8-BFC40B77FD08}.Release|Any CPU.ActiveCfg = Release|Any CPU
		{0DBAC04C-E678-3450-A9A8-BFC40B77FD08}.Release|Any CPU.Build.0 = Release|Any CPU
		{EED21DE7-94C0-FE04-4E66-FF0A7D5F3865}.Debug|Any CPU.ActiveCfg = Debug|Any CPU
		{EED21DE7-94C0-FE04-4E66-FF0A7D5F3865}.Debug|Any CPU.Build.0 = Debug|Any CPU
		{EED21DE7-94C0-FE04-4E66-FF0A7D5F3865}.Release|Any CPU.ActiveCfg = Release|Any CPU
		{EED21DE7-94C0-FE04-4E66-FF0A7D5F3865}.Release|Any CPU.Build.0 = Release|Any CPU
		{9011C6B2-0543-947B-36B1-3655DB601A10}.Debug|Any CPU.ActiveCfg = Debug|Any CPU
		{9011C6B2-0543-947B-36B1-3655DB601A10}.Debug|Any CPU.Build.0 = Debug|Any CPU
		{9011C6B2-0543-947B-36B1-3655DB601A10}.Release|Any CPU.ActiveCfg = Release|Any CPU
		{9011C6B2-0543-947B-36B1-3655DB601A10}.Release|Any CPU.Build.0 = Release|Any CPU
		{7FABC59A-C3E8-72B1-617D-46FF170D0B2E}.Debug|Any CPU.ActiveCfg = Debug|Any CPU
		{7FABC59A-C3E8-72B1-617D-46FF170D0B2E}.Debug|Any CPU.Build.0 = Debug|Any CPU
		{7FABC59A-C3E8-72B1-617D-46FF170D0B2E}.Release|Any CPU.ActiveCfg = Release|Any CPU
		{7FABC59A-C3E8-72B1-617D-46FF170D0B2E}.Release|Any CPU.Build.0 = Release|Any CPU
		{0A2277FA-6746-1A05-2D67-ADC98E3AA42F}.Debug|Any CPU.ActiveCfg = Debug|Any CPU
		{0A2277FA-6746-1A05-2D67-ADC98E3AA42F}.Debug|Any CPU.Build.0 = Debug|Any CPU
		{0A2277FA-6746-1A05-2D67-ADC98E3AA42F}.Release|Any CPU.ActiveCfg = Release|Any CPU
		{0A2277FA-6746-1A05-2D67-ADC98E3AA42F}.Release|Any CPU.Build.0 = Release|Any CPU
		{F5279F08-102C-23E7-E51C-40D4C2B2466B}.Debug|Any CPU.ActiveCfg = Debug|Any CPU
		{F5279F08-102C-23E7-E51C-40D4C2B2466B}.Debug|Any CPU.Build.0 = Debug|Any CPU
		{F5279F08-102C-23E7-E51C-40D4C2B2466B}.Release|Any CPU.ActiveCfg = Release|Any CPU
		{F5279F08-102C-23E7-E51C-40D4C2B2466B}.Release|Any CPU.Build.0 = Release|Any CPU
		{60E710BE-E1F3-B32E-4338-1F09C35D58EB}.Debug|Any CPU.ActiveCfg = Debug|Any CPU
		{60E710BE-E1F3-B32E-4338-1F09C35D58EB}.Debug|Any CPU.Build.0 = Debug|Any CPU
		{60E710BE-E1F3-B32E-4338-1F09C35D58EB}.Release|Any CPU.ActiveCfg = Release|Any CPU
		{60E710BE-E1F3-B32E-4338-1F09C35D58EB}.Release|Any CPU.Build.0 = Release|Any CPU
		{8CE5813D-8A1D-7920-6AED-2712473CCCE1}.Debug|Any CPU.ActiveCfg = Debug|Any CPU
		{8CE5813D-8A1D-7920-6AED-2712473CCCE1}.Debug|Any CPU.Build.0 = Debug|Any CPU
		{8CE5813D-8A1D-7920-6AED-2712473CCCE1}.Release|Any CPU.ActiveCfg = Release|Any CPU
		{8CE5813D-8A1D-7920-6AED-2712473CCCE1}.Release|Any CPU.Build.0 = Release|Any CPU
		{78FD62F8-88F7-DBBE-4EA2-7377FE1F9E8A}.Debug|Any CPU.ActiveCfg = Debug|Any CPU
		{78FD62F8-88F7-DBBE-4EA2-7377FE1F9E8A}.Debug|Any CPU.Build.0 = Debug|Any CPU
		{78FD62F8-88F7-DBBE-4EA2-7377FE1F9E8A}.Release|Any CPU.ActiveCfg = Release|Any CPU
		{78FD62F8-88F7-DBBE-4EA2-7377FE1F9E8A}.Release|Any CPU.Build.0 = Release|Any CPU
		{A25D41DB-2D93-EAB1-06BF-747C67294049}.Debug|Any CPU.ActiveCfg = Debug|Any CPU
		{A25D41DB-2D93-EAB1-06BF-747C67294049}.Debug|Any CPU.Build.0 = Debug|Any CPU
		{A25D41DB-2D93-EAB1-06BF-747C67294049}.Release|Any CPU.ActiveCfg = Release|Any CPU
		{A25D41DB-2D93-EAB1-06BF-747C67294049}.Release|Any CPU.Build.0 = Release|Any CPU
		{00A7CD04-437C-D3A0-7A8E-06E8388229FE}.Debug|Any CPU.ActiveCfg = Debug|Any CPU
		{00A7CD04-437C-D3A0-7A8E-06E8388229FE}.Debug|Any CPU.Build.0 = Debug|Any CPU
		{00A7CD04-437C-D3A0-7A8E-06E8388229FE}.Release|Any CPU.ActiveCfg = Release|Any CPU
		{00A7CD04-437C-D3A0-7A8E-06E8388229FE}.Release|Any CPU.Build.0 = Release|Any CPU
		{40DD8FE6-10DE-E054-7F68-2A7031ACFD6A}.Debug|Any CPU.ActiveCfg = Debug|Any CPU
		{40DD8FE6-10DE-E054-7F68-2A7031ACFD6A}.Debug|Any CPU.Build.0 = Debug|Any CPU
		{40DD8FE6-10DE-E054-7F68-2A7031ACFD6A}.Release|Any CPU.ActiveCfg = Release|Any CPU
		{40DD8FE6-10DE-E054-7F68-2A7031ACFD6A}.Release|Any CPU.Build.0 = Release|Any CPU
		{0660EBE7-EB01-7C5A-059B-EB6041209361}.Debug|Any CPU.ActiveCfg = Debug|Any CPU
		{0660EBE7-EB01-7C5A-059B-EB6041209361}.Debug|Any CPU.Build.0 = Debug|Any CPU
		{0660EBE7-EB01-7C5A-059B-EB6041209361}.Release|Any CPU.ActiveCfg = Release|Any CPU
		{0660EBE7-EB01-7C5A-059B-EB6041209361}.Release|Any CPU.Build.0 = Release|Any CPU
		{AD1E3758-3653-D2F1-BD31-88350C9013BF}.Debug|Any CPU.ActiveCfg = Debug|Any CPU
		{AD1E3758-3653-D2F1-BD31-88350C9013BF}.Debug|Any CPU.Build.0 = Debug|Any CPU
		{AD1E3758-3653-D2F1-BD31-88350C9013BF}.Release|Any CPU.ActiveCfg = Release|Any CPU
		{AD1E3758-3653-D2F1-BD31-88350C9013BF}.Release|Any CPU.Build.0 = Release|Any CPU
		{BEA92095-5A9E-7762-08CF-512C9B9EFC03}.Debug|Any CPU.ActiveCfg = Debug|Any CPU
		{BEA92095-5A9E-7762-08CF-512C9B9EFC03}.Debug|Any CPU.Build.0 = Debug|Any CPU
		{BEA92095-5A9E-7762-08CF-512C9B9EFC03}.Release|Any CPU.ActiveCfg = Release|Any CPU
		{BEA92095-5A9E-7762-08CF-512C9B9EFC03}.Release|Any CPU.Build.0 = Release|Any CPU
		{20B5BE71-BF3C-F27C-FBBD-368CE89D029E}.Debug|Any CPU.ActiveCfg = Debug|Any CPU
		{20B5BE71-BF3C-F27C-FBBD-368CE89D029E}.Debug|Any CPU.Build.0 = Debug|Any CPU
		{20B5BE71-BF3C-F27C-FBBD-368CE89D029E}.Release|Any CPU.ActiveCfg = Release|Any CPU
		{20B5BE71-BF3C-F27C-FBBD-368CE89D029E}.Release|Any CPU.Build.0 = Release|Any CPU
		{DED9EB87-35B1-A558-37EC-BD10372330E7}.Debug|Any CPU.ActiveCfg = Debug|Any CPU
		{DED9EB87-35B1-A558-37EC-BD10372330E7}.Debug|Any CPU.Build.0 = Debug|Any CPU
		{DED9EB87-35B1-A558-37EC-BD10372330E7}.Release|Any CPU.ActiveCfg = Release|Any CPU
		{DED9EB87-35B1-A558-37EC-BD10372330E7}.Release|Any CPU.Build.0 = Release|Any CPU
		{38BCE3E7-E70B-0E73-7D6C-A320C29DAD1E}.Debug|Any CPU.ActiveCfg = Debug|Any CPU
		{38BCE3E7-E70B-0E73-7D6C-A320C29DAD1E}.Debug|Any CPU.Build.0 = Debug|Any CPU
		{38BCE3E7-E70B-0E73-7D6C-A320C29DAD1E}.Release|Any CPU.ActiveCfg = Release|Any CPU
		{38BCE3E7-E70B-0E73-7D6C-A320C29DAD1E}.Release|Any CPU.Build.0 = Release|Any CPU
		{462FB4B7-8DBA-C412-4DF5-F2CE699FD7D4}.Debug|Any CPU.ActiveCfg = Debug|Any CPU
		{462FB4B7-8DBA-C412-4DF5-F2CE699FD7D4}.Debug|Any CPU.Build.0 = Debug|Any CPU
		{462FB4B7-8DBA-C412-4DF5-F2CE699FD7D4}.Release|Any CPU.ActiveCfg = Release|Any CPU
		{462FB4B7-8DBA-C412-4DF5-F2CE699FD7D4}.Release|Any CPU.Build.0 = Release|Any CPU
		{B084513D-E926-E087-8711-1DE29836C0F9}.Debug|Any CPU.ActiveCfg = Debug|Any CPU
		{B084513D-E926-E087-8711-1DE29836C0F9}.Debug|Any CPU.Build.0 = Debug|Any CPU
		{B084513D-E926-E087-8711-1DE29836C0F9}.Release|Any CPU.ActiveCfg = Release|Any CPU
		{B084513D-E926-E087-8711-1DE29836C0F9}.Release|Any CPU.Build.0 = Release|Any CPU
		{9CDF57A0-A25A-33FA-AA96-E83908937807}.Debug|Any CPU.ActiveCfg = Debug|Any CPU
		{9CDF57A0-A25A-33FA-AA96-E83908937807}.Debug|Any CPU.Build.0 = Debug|Any CPU
		{9CDF57A0-A25A-33FA-AA96-E83908937807}.Release|Any CPU.ActiveCfg = Release|Any CPU
		{9CDF57A0-A25A-33FA-AA96-E83908937807}.Release|Any CPU.Build.0 = Release|Any CPU
		{E708B9F7-2F71-E5D8-997A-02DDAFF1DA94}.Debug|Any CPU.ActiveCfg = Debug|Any CPU
		{E708B9F7-2F71-E5D8-997A-02DDAFF1DA94}.Debug|Any CPU.Build.0 = Debug|Any CPU
		{E708B9F7-2F71-E5D8-997A-02DDAFF1DA94}.Release|Any CPU.ActiveCfg = Release|Any CPU
		{E708B9F7-2F71-E5D8-997A-02DDAFF1DA94}.Release|Any CPU.Build.0 = Release|Any CPU
		{8E1E22B9-267A-9998-EB14-AD42843D98BC}.Debug|Any CPU.ActiveCfg = Debug|Any CPU
		{8E1E22B9-267A-9998-EB14-AD42843D98BC}.Debug|Any CPU.Build.0 = Debug|Any CPU
		{8E1E22B9-267A-9998-EB14-AD42843D98BC}.Release|Any CPU.ActiveCfg = Release|Any CPU
		{8E1E22B9-267A-9998-EB14-AD42843D98BC}.Release|Any CPU.Build.0 = Release|Any CPU
		{EF040B05-B288-E725-36D0-D65B54C5E89A}.Debug|Any CPU.ActiveCfg = Debug|Any CPU
		{EF040B05-B288-E725-36D0-D65B54C5E89A}.Debug|Any CPU.Build.0 = Debug|Any CPU
		{EF040B05-B288-E725-36D0-D65B54C5E89A}.Release|Any CPU.ActiveCfg = Release|Any CPU
		{EF040B05-B288-E725-36D0-D65B54C5E89A}.Release|Any CPU.Build.0 = Release|Any CPU
		{515E69F8-2C98-EC11-7DC5-6C299C4886CF}.Debug|Any CPU.ActiveCfg = Debug|Any CPU
		{515E69F8-2C98-EC11-7DC5-6C299C4886CF}.Debug|Any CPU.Build.0 = Debug|Any CPU
		{515E69F8-2C98-EC11-7DC5-6C299C4886CF}.Release|Any CPU.ActiveCfg = Release|Any CPU
		{515E69F8-2C98-EC11-7DC5-6C299C4886CF}.Release|Any CPU.Build.0 = Release|Any CPU
		{C56CBEA8-6265-A148-AB9B-33AEBC6AC358}.Debug|Any CPU.ActiveCfg = Debug|Any CPU
		{C56CBEA8-6265-A148-AB9B-33AEBC6AC358}.Debug|Any CPU.Build.0 = Debug|Any CPU
		{C56CBEA8-6265-A148-AB9B-33AEBC6AC358}.Release|Any CPU.ActiveCfg = Release|Any CPU
		{C56CBEA8-6265-A148-AB9B-33AEBC6AC358}.Release|Any CPU.Build.0 = Release|Any CPU
		{A5644599-CA0A-8483-D00F-FE192697B0EF}.Debug|Any CPU.ActiveCfg = Debug|Any CPU
		{A5644599-CA0A-8483-D00F-FE192697B0EF}.Debug|Any CPU.Build.0 = Debug|Any CPU
		{A5644599-CA0A-8483-D00F-FE192697B0EF}.Release|Any CPU.ActiveCfg = Release|Any CPU
		{A5644599-CA0A-8483-D00F-FE192697B0EF}.Release|Any CPU.Build.0 = Release|Any CPU
		{EBCF073D-2DBB-21A9-656A-087D5CA3F6B5}.Debug|Any CPU.ActiveCfg = Debug|Any CPU
		{EBCF073D-2DBB-21A9-656A-087D5CA3F6B5}.Debug|Any CPU.Build.0 = Debug|Any CPU
		{EBCF073D-2DBB-21A9-656A-087D5CA3F6B5}.Release|Any CPU.ActiveCfg = Release|Any CPU
		{EBCF073D-2DBB-21A9-656A-087D5CA3F6B5}.Release|Any CPU.Build.0 = Release|Any CPU
		{4D6901D6-5252-DBB2-8032-592DBA84FCC6}.Debug|Any CPU.ActiveCfg = Debug|Any CPU
		{4D6901D6-5252-DBB2-8032-592DBA84FCC6}.Debug|Any CPU.Build.0 = Debug|Any CPU
		{4D6901D6-5252-DBB2-8032-592DBA84FCC6}.Release|Any CPU.ActiveCfg = Release|Any CPU
		{4D6901D6-5252-DBB2-8032-592DBA84FCC6}.Release|Any CPU.Build.0 = Release|Any CPU
		{566300D1-1D5A-9B10-6C53-3D68B8F4144F}.Debug|Any CPU.ActiveCfg = Debug|Any CPU
		{566300D1-1D5A-9B10-6C53-3D68B8F4144F}.Debug|Any CPU.Build.0 = Debug|Any CPU
		{566300D1-1D5A-9B10-6C53-3D68B8F4144F}.Release|Any CPU.ActiveCfg = Release|Any CPU
		{566300D1-1D5A-9B10-6C53-3D68B8F4144F}.Release|Any CPU.Build.0 = Release|Any CPU
		{7EEEAF77-0AE8-701D-18B7-FB64128189E6}.Debug|Any CPU.ActiveCfg = Debug|Any CPU
		{7EEEAF77-0AE8-701D-18B7-FB64128189E6}.Debug|Any CPU.Build.0 = Debug|Any CPU
		{7EEEAF77-0AE8-701D-18B7-FB64128189E6}.Release|Any CPU.ActiveCfg = Release|Any CPU
		{7EEEAF77-0AE8-701D-18B7-FB64128189E6}.Release|Any CPU.Build.0 = Release|Any CPU
		{2320A6BC-5E80-B84B-68C6-AB6DE42BEBD1}.Debug|Any CPU.ActiveCfg = Debug|Any CPU
		{2320A6BC-5E80-B84B-68C6-AB6DE42BEBD1}.Debug|Any CPU.Build.0 = Debug|Any CPU
		{2320A6BC-5E80-B84B-68C6-AB6DE42BEBD1}.Release|Any CPU.ActiveCfg = Release|Any CPU
		{2320A6BC-5E80-B84B-68C6-AB6DE42BEBD1}.Release|Any CPU.Build.0 = Release|Any CPU
		{1A6D8198-7151-EBE1-7302-0B83CA8BF667}.Debug|Any CPU.ActiveCfg = Debug|Any CPU
		{1A6D8198-7151-EBE1-7302-0B83CA8BF667}.Debug|Any CPU.Build.0 = Debug|Any CPU
		{1A6D8198-7151-EBE1-7302-0B83CA8BF667}.Release|Any CPU.ActiveCfg = Release|Any CPU
		{1A6D8198-7151-EBE1-7302-0B83CA8BF667}.Release|Any CPU.Build.0 = Release|Any CPU
		{B2530755-5FBC-FB98-0290-8C488585CCB8}.Debug|Any CPU.ActiveCfg = Debug|Any CPU
		{B2530755-5FBC-FB98-0290-8C488585CCB8}.Debug|Any CPU.Build.0 = Debug|Any CPU
		{B2530755-5FBC-FB98-0290-8C488585CCB8}.Release|Any CPU.ActiveCfg = Release|Any CPU
		{B2530755-5FBC-FB98-0290-8C488585CCB8}.Release|Any CPU.Build.0 = Release|Any CPU
	EndGlobalSection
	GlobalSection(SolutionProperties) = preSolution
		HideSolutionNode = FALSE
	EndGlobalSection
EndGlobal
